github.com/google/uuid v1.6.0 h1:NIvaJDMOsjHA8n1jAhLSgzrAzy1Hgr+hNrb57e+94F0=
github.com/google/uuid v1.6.0/go.mod h1:TIyPZe4MgqvfeYDBFedMoGGpEw/LqOeaOT+nhxU+yHo=
github.com/kuroko-shirai/task v0.0.2 h1:nIX5hOxfsch/frbPmde2yrMWt0orR3ZkmDCYEpUD09g=
github.com/kuroko-shirai/task v0.0.2/go.mod h1:lD2OcZhJxrUrHLWmAp2wzJ9gf1TWLQZr1pPWqIFEQJc=
